// !$*UTF8*$!
{
	archiveVersion = 1;
	classes = {
	};
	objectVersion = 50;
	objects = {

/* Begin PBXBuildFile section */
		4410EE69249EE58F00629BF9 /* AppDelegate.swift in Sources */ = {isa = PBXBuildFile; fileRef = 4410EE68249EE58F00629BF9 /* AppDelegate.swift */; };
		4410EE6B249EE58F00629BF9 /* SceneDelegate.swift in Sources */ = {isa = PBXBuildFile; fileRef = 4410EE6A249EE58F00629BF9 /* SceneDelegate.swift */; };
		4410EE6D249EE58F00629BF9 /* ViewController.swift in Sources */ = {isa = PBXBuildFile; fileRef = 4410EE6C249EE58F00629BF9 /* ViewController.swift */; };
		4410EE70249EE58F00629BF9 /* Main.storyboard in Resources */ = {isa = PBXBuildFile; fileRef = 4410EE6E249EE58F00629BF9 /* Main.storyboard */; };
		4410EE72249EE59100629BF9 /* Assets.xcassets in Resources */ = {isa = PBXBuildFile; fileRef = 4410EE71249EE59100629BF9 /* Assets.xcassets */; };
		4410EE75249EE59100629BF9 /* LaunchScreen.storyboard in Resources */ = {isa = PBXBuildFile; fileRef = 4410EE73249EE59100629BF9 /* LaunchScreen.storyboard */; };
		4410EE80249EE59100629BF9 /* LastFmDemoTests.swift in Sources */ = {isa = PBXBuildFile; fileRef = 4410EE7F249EE59100629BF9 /* LastFmDemoTests.swift */; };
/* End PBXBuildFile section */

/* Begin PBXContainerItemProxy section */
		4410EE7C249EE59100629BF9 /* PBXContainerItemProxy */ = {
			isa = PBXContainerItemProxy;
			containerPortal = 4410EE5D249EE58F00629BF9 /* Project object */;
			proxyType = 1;
			remoteGlobalIDString = 4410EE64249EE58F00629BF9;
			remoteInfo = LastFmDemo;
		};
/* End PBXContainerItemProxy section */

/* Begin PBXFileReference section */
		4410EE65249EE58F00629BF9 /* LastFmDemo.app */ = {isa = PBXFileReference; explicitFileType = wrapper.application; includeInIndex = 0; path = LastFmDemo.app; sourceTree = BUILT_PRODUCTS_DIR; };
		4410EE68249EE58F00629BF9 /* AppDelegate.swift */ = {isa = PBXFileReference; lastKnownFileType = sourcecode.swift; path = AppDelegate.swift; sourceTree = "<group>"; };
		4410EE6A249EE58F00629BF9 /* SceneDelegate.swift */ = {isa = PBXFileReference; lastKnownFileType = sourcecode.swift; path = SceneDelegate.swift; sourceTree = "<group>"; };
		4410EE6C249EE58F00629BF9 /* ViewController.swift */ = {isa = PBXFileReference; lastKnownFileType = sourcecode.swift; path = ViewController.swift; sourceTree = "<group>"; };
		4410EE6F249EE58F00629BF9 /* Base */ = {isa = PBXFileReference; lastKnownFileType = file.storyboard; name = Base; path = Base.lproj/Main.storyboard; sourceTree = "<group>"; };
		4410EE71249EE59100629BF9 /* Assets.xcassets */ = {isa = PBXFileReference; lastKnownFileType = folder.assetcatalog; path = Assets.xcassets; sourceTree = "<group>"; };
		4410EE74249EE59100629BF9 /* Base */ = {isa = PBXFileReference; lastKnownFileType = file.storyboard; name = Base; path = Base.lproj/LaunchScreen.storyboard; sourceTree = "<group>"; };
		4410EE76249EE59100629BF9 /* Info.plist */ = {isa = PBXFileReference; lastKnownFileType = text.plist.xml; path = Info.plist; sourceTree = "<group>"; };
		4410EE7B249EE59100629BF9 /* LastFmDemoTests.xctest */ = {isa = PBXFileReference; explicitFileType = wrapper.cfbundle; includeInIndex = 0; path = LastFmDemoTests.xctest; sourceTree = BUILT_PRODUCTS_DIR; };
		4410EE7F249EE59100629BF9 /* LastFmDemoTests.swift */ = {isa = PBXFileReference; lastKnownFileType = sourcecode.swift; path = LastFmDemoTests.swift; sourceTree = "<group>"; };
		4410EE81249EE59100629BF9 /* Info.plist */ = {isa = PBXFileReference; lastKnownFileType = text.plist.xml; path = Info.plist; sourceTree = "<group>"; };
/* End PBXFileReference section */

/* Begin PBXFrameworksBuildPhase section */
		4410EE62249EE58F00629BF9 /* Frameworks */ = {
			isa = PBXFrameworksBuildPhase;
			buildActionMask = 2147483647;
			files = (
			);
			runOnlyForDeploymentPostprocessing = 0;
		};
		4410EE78249EE59100629BF9 /* Frameworks */ = {
			isa = PBXFrameworksBuildPhase;
			buildActionMask = 2147483647;
			files = (
			);
			runOnlyForDeploymentPostprocessing = 0;
		};
/* End PBXFrameworksBuildPhase section */

/* Begin PBXGroup section */
		4410EE5C249EE58F00629BF9 = {
			isa = PBXGroup;
			children = (
				4410EE67249EE58F00629BF9 /* LastFmDemo */,
				4410EE7E249EE59100629BF9 /* LastFmDemoTests */,
				4410EE66249EE58F00629BF9 /* Products */,
			);
			sourceTree = "<group>";
		};
		4410EE66249EE58F00629BF9 /* Products */ = {
			isa = PBXGroup;
			children = (
				4410EE65249EE58F00629BF9 /* LastFmDemo.app */,
				4410EE7B249EE59100629BF9 /* LastFmDemoTests.xctest */,
			);
			name = Products;
			sourceTree = "<group>";
		};
		4410EE67249EE58F00629BF9 /* LastFmDemo */ = {
			isa = PBXGroup;
			children = (
				4410EE68249EE58F00629BF9 /* AppDelegate.swift */,
				4410EE6A249EE58F00629BF9 /* SceneDelegate.swift */,
				4410EE6C249EE58F00629BF9 /* ViewController.swift */,
				4410EE6E249EE58F00629BF9 /* Main.storyboard */,
				4410EE71249EE59100629BF9 /* Assets.xcassets */,
				4410EE73249EE59100629BF9 /* LaunchScreen.storyboard */,
				4410EE76249EE59100629BF9 /* Info.plist */,
			);
			path = LastFmDemo;
			sourceTree = "<group>";
		};
		4410EE7E249EE59100629BF9 /* LastFmDemoTests */ = {
			isa = PBXGroup;
			children = (
				4410EE7F249EE59100629BF9 /* LastFmDemoTests.swift */,
				4410EE81249EE59100629BF9 /* Info.plist */,
			);
			path = LastFmDemoTests;
			sourceTree = "<group>";
		};
/* End PBXGroup section */

/* Begin PBXNativeTarget section */
		4410EE64249EE58F00629BF9 /* LastFmDemo */ = {
			isa = PBXNativeTarget;
			buildConfigurationList = 4410EE84249EE59200629BF9 /* Build configuration list for PBXNativeTarget "LastFmDemo" */;
			buildPhases = (
				4410EE61249EE58F00629BF9 /* Sources */,
				4410EE62249EE58F00629BF9 /* Frameworks */,
				4410EE63249EE58F00629BF9 /* Resources */,
			);
			buildRules = (
			);
			dependencies = (
			);
			name = LastFmDemo;
			productName = LastFmDemo;
			productReference = 4410EE65249EE58F00629BF9 /* LastFmDemo.app */;
			productType = "com.apple.product-type.application";
		};
		4410EE7A249EE59100629BF9 /* LastFmDemoTests */ = {
			isa = PBXNativeTarget;
			buildConfigurationList = 4410EE87249EE59200629BF9 /* Build configuration list for PBXNativeTarget "LastFmDemoTests" */;
			buildPhases = (
				4410EE77249EE59100629BF9 /* Sources */,
				4410EE78249EE59100629BF9 /* Frameworks */,
				4410EE79249EE59100629BF9 /* Resources */,
			);
			buildRules = (
			);
			dependencies = (
				4410EE7D249EE59100629BF9 /* PBXTargetDependency */,
			);
			name = LastFmDemoTests;
			productName = LastFmDemoTests;
			productReference = 4410EE7B249EE59100629BF9 /* LastFmDemoTests.xctest */;
			productType = "com.apple.product-type.bundle.unit-test";
		};
/* End PBXNativeTarget section */

/* Begin PBXProject section */
		4410EE5D249EE58F00629BF9 /* Project object */ = {
			isa = PBXProject;
			attributes = {
				LastSwiftUpdateCheck = 1150;
				LastUpgradeCheck = 1150;
				ORGANIZATIONNAME = Surendra;
				TargetAttributes = {
					4410EE64249EE58F00629BF9 = {
						CreatedOnToolsVersion = 11.5;
					};
					4410EE7A249EE59100629BF9 = {
						CreatedOnToolsVersion = 11.5;
						TestTargetID = 4410EE64249EE58F00629BF9;
					};
				};
			};
			buildConfigurationList = 4410EE60249EE58F00629BF9 /* Build configuration list for PBXProject "LastFmDemo" */;
			compatibilityVersion = "Xcode 9.3";
			developmentRegion = en;
			hasScannedForEncodings = 0;
			knownRegions = (
				en,
				Base,
			);
			mainGroup = 4410EE5C249EE58F00629BF9;
			productRefGroup = 4410EE66249EE58F00629BF9 /* Products */;
			projectDirPath = "";
			projectRoot = "";
			targets = (
				4410EE64249EE58F00629BF9 /* LastFmDemo */,
				4410EE7A249EE59100629BF9 /* LastFmDemoTests */,
			);
		};
/* End PBXProject section */

/* Begin PBXResourcesBuildPhase section */
		4410EE63249EE58F00629BF9 /* Resources */ = {
			isa = PBXResourcesBuildPhase;
			buildActionMask = 2147483647;
			files = (
				4410EE75249EE59100629BF9 /* LaunchScreen.storyboard in Resources */,
				4410EE72249EE59100629BF9 /* Assets.xcassets in Resources */,
				4410EE70249EE58F00629BF9 /* Main.storyboard in Resources */,
			);
			runOnlyForDeploymentPostprocessing = 0;
		};
		4410EE79249EE59100629BF9 /* Resources */ = {
			isa = PBXResourcesBuildPhase;
			buildActionMask = 2147483647;
			files = (
			);
			runOnlyForDeploymentPostprocessing = 0;
		};
/* End PBXResourcesBuildPhase section */

/* Begin PBXSourcesBuildPhase section */
		4410EE61249EE58F00629BF9 /* Sources */ = {
			isa = PBXSourcesBuildPhase;
			buildActionMask = 2147483647;
			files = (
				4410EE6D249EE58F00629BF9 /* ViewController.swift in Sources */,
				4410EE69249EE58F00629BF9 /* AppDelegate.swift in Sources */,
				4410EE6B249EE58F00629BF9 /* SceneDelegate.swift in Sources */,
			);
			runOnlyForDeploymentPostprocessing = 0;
		};
		4410EE77249EE59100629BF9 /* Sources */ = {
			isa = PBXSourcesBuildPhase;
			buildActionMask = 2147483647;
			files = (
				4410EE80249EE59100629BF9 /* LastFmDemoTests.swift in Sources */,
			);
			runOnlyForDeploymentPostprocessing = 0;
		};
/* End PBXSourcesBuildPhase section */

/* Begin PBXTargetDependency section */
		4410EE7D249EE59100629BF9 /* PBXTargetDependency */ = {
			isa = PBXTargetDependency;
			target = 4410EE64249EE58F00629BF9 /* LastFmDemo */;
			targetProxy = 4410EE7C249EE59100629BF9 /* PBXContainerItemProxy */;
		};
/* End PBXTargetDependency section */

/* Begin PBXVariantGroup section */
		4410EE6E249EE58F00629BF9 /* Main.storyboard */ = {
			isa = PBXVariantGroup;
			children = (
				4410EE6F249EE58F00629BF9 /* Base */,
			);
			name = Main.storyboard;
			sourceTree = "<group>";
		};
		4410EE73249EE59100629BF9 /* LaunchScreen.storyboard */ = {
			isa = PBXVariantGroup;
			children = (
				4410EE74249EE59100629BF9 /* Base */,
			);
			name = LaunchScreen.storyboard;
			sourceTree = "<group>";
		};
/* End PBXVariantGroup section */

/* Begin XCBuildConfiguration section */
		4410EE82249EE59200629BF9 /* Debug */ = {
			isa = XCBuildConfiguration;
			buildSettings = {
				ALWAYS_SEARCH_USER_PATHS = NO;
				CLANG_ANALYZER_NONNULL = YES;
				CLANG_ANALYZER_NUMBER_OBJECT_CONVERSION = YES_AGGRESSIVE;
				CLANG_CXX_LANGUAGE_STANDARD = "gnu++14";
				CLANG_CXX_LIBRARY = "libc++";
				CLANG_ENABLE_MODULES = YES;
				CLANG_ENABLE_OBJC_ARC = YES;
				CLANG_ENABLE_OBJC_WEAK = YES;
				CLANG_WARN_BLOCK_CAPTURE_AUTORELEASING = YES;
				CLANG_WARN_BOOL_CONVERSION = YES;
				CLANG_WARN_COMMA = YES;
				CLANG_WARN_CONSTANT_CONVERSION = YES;
				CLANG_WARN_DEPRECATED_OBJC_IMPLEMENTATIONS = YES;
				CLANG_WARN_DIRECT_OBJC_ISA_USAGE = YES_ERROR;
				CLANG_WARN_DOCUMENTATION_COMMENTS = YES;
				CLANG_WARN_EMPTY_BODY = YES;
				CLANG_WARN_ENUM_CONVERSION = YES;
				CLANG_WARN_INFINITE_RECURSION = YES;
				CLANG_WARN_INT_CONVERSION = YES;
				CLANG_WARN_NON_LITERAL_NULL_CONVERSION = YES;
				CLANG_WARN_OBJC_IMPLICIT_RETAIN_SELF = YES;
				CLANG_WARN_OBJC_LITERAL_CONVERSION = YES;
				CLANG_WARN_OBJC_ROOT_CLASS = YES_ERROR;
				CLANG_WARN_RANGE_LOOP_ANALYSIS = YES;
				CLANG_WARN_STRICT_PROTOTYPES = YES;
				CLANG_WARN_SUSPICIOUS_MOVE = YES;
				CLANG_WARN_UNGUARDED_AVAILABILITY = YES_AGGRESSIVE;
				CLANG_WARN_UNREACHABLE_CODE = YES;
				CLANG_WARN__DUPLICATE_METHOD_MATCH = YES;
				COPY_PHASE_STRIP = NO;
				DEBUG_INFORMATION_FORMAT = dwarf;
				ENABLE_STRICT_OBJC_MSGSEND = YES;
				ENABLE_TESTABILITY = YES;
				GCC_C_LANGUAGE_STANDARD = gnu11;
				GCC_DYNAMIC_NO_PIC = NO;
				GCC_NO_COMMON_BLOCKS = YES;
				GCC_OPTIMIZATION_LEVEL = 0;
				GCC_PREPROCESSOR_DEFINITIONS = (
					"DEBUG=1",
					"$(inherited)",
				);
				GCC_WARN_64_TO_32_BIT_CONVERSION = YES;
				GCC_WARN_ABOUT_RETURN_TYPE = YES_ERROR;
				GCC_WARN_UNDECLARED_SELECTOR = YES;
				GCC_WARN_UNINITIALIZED_AUTOS = YES_AGGRESSIVE;
				GCC_WARN_UNUSED_FUNCTION = YES;
				GCC_WARN_UNUSED_VARIABLE = YES;
				IPHONEOS_DEPLOYMENT_TARGET = 13.5;
				MTL_ENABLE_DEBUG_INFO = INCLUDE_SOURCE;
				MTL_FAST_MATH = YES;
				ONLY_ACTIVE_ARCH = YES;
				SDKROOT = iphoneos;
				SWIFT_ACTIVE_COMPILATION_CONDITIONS = DEBUG;
				SWIFT_OPTIMIZATION_LEVEL = "-Onone";
			};
			name = Debug;
		};
		4410EE83249EE59200629BF9 /* Release */ = {
			isa = XCBuildConfiguration;
			buildSettings = {
				ALWAYS_SEARCH_USER_PATHS = NO;
				CLANG_ANALYZER_NONNULL = YES;
				CLANG_ANALYZER_NUMBER_OBJECT_CONVERSION = YES_AGGRESSIVE;
				CLANG_CXX_LANGUAGE_STANDARD = "gnu++14";
				CLANG_CXX_LIBRARY = "libc++";
				CLANG_ENABLE_MODULES = YES;
				CLANG_ENABLE_OBJC_ARC = YES;
				CLANG_ENABLE_OBJC_WEAK = YES;
				CLANG_WARN_BLOCK_CAPTURE_AUTORELEASING = YES;
				CLANG_WARN_BOOL_CONVERSION = YES;
				CLANG_WARN_COMMA = YES;
				CLANG_WARN_CONSTANT_CONVERSION = YES;
				CLANG_WARN_DEPRECATED_OBJC_IMPLEMENTATIONS = YES;
				CLANG_WARN_DIRECT_OBJC_ISA_USAGE = YES_ERROR;
				CLANG_WARN_DOCUMENTATION_COMMENTS = YES;
				CLANG_WARN_EMPTY_BODY = YES;
				CLANG_WARN_ENUM_CONVERSION = YES;
				CLANG_WARN_INFINITE_RECURSION = YES;
				CLANG_WARN_INT_CONVERSION = YES;
				CLANG_WARN_NON_LITERAL_NULL_CONVERSION = YES;
				CLANG_WARN_OBJC_IMPLICIT_RETAIN_SELF = YES;
				CLANG_WARN_OBJC_LITERAL_CONVERSION = YES;
				CLANG_WARN_OBJC_ROOT_CLASS = YES_ERROR;
				CLANG_WARN_RANGE_LOOP_ANALYSIS = YES;
				CLANG_WARN_STRICT_PROTOTYPES = YES;
				CLANG_WARN_SUSPICIOUS_MOVE = YES;
				CLANG_WARN_UNGUARDED_AVAILABILITY = YES_AGGRESSIVE;
				CLANG_WARN_UNREACHABLE_CODE = YES;
				CLANG_WARN__DUPLICATE_METHOD_MATCH = YES;
				COPY_PHASE_STRIP = NO;
				DEBUG_INFORMATION_FORMAT = "dwarf-with-dsym";
				ENABLE_NS_ASSERTIONS = NO;
				ENABLE_STRICT_OBJC_MSGSEND = YES;
				GCC_C_LANGUAGE_STANDARD = gnu11;
				GCC_NO_COMMON_BLOCKS = YES;
				GCC_WARN_64_TO_32_BIT_CONVERSION = YES;
				GCC_WARN_ABOUT_RETURN_TYPE = YES_ERROR;
				GCC_WARN_UNDECLARED_SELECTOR = YES;
				GCC_WARN_UNINITIALIZED_AUTOS = YES_AGGRESSIVE;
				GCC_WARN_UNUSED_FUNCTION = YES;
				GCC_WARN_UNUSED_VARIABLE = YES;
				IPHONEOS_DEPLOYMENT_TARGET = 13.5;
				MTL_ENABLE_DEBUG_INFO = NO;
				MTL_FAST_MATH = YES;
				SDKROOT = iphoneos;
				SWIFT_COMPILATION_MODE = wholemodule;
				SWIFT_OPTIMIZATION_LEVEL = "-O";
				VALIDATE_PRODUCT = YES;
			};
			name = Release;
		};
		4410EE85249EE59200629BF9 /* Debug */ = {
			isa = XCBuildConfiguration;
			buildSettings = {
				ASSETCATALOG_COMPILER_APPICON_NAME = AppIcon;
				CODE_SIGN_STYLE = Automatic;
				DEVELOPMENT_TEAM = A6LEV3WJH3;
				INFOPLIST_FILE = LastFmDemo/Info.plist;
				LD_RUNPATH_SEARCH_PATHS = (
					"$(inherited)",
					"@executable_path/Frameworks",
				);
				PRODUCT_BUNDLE_IDENTIFIER = com.surendra.LastFmDemo;
				PRODUCT_NAME = "$(TARGET_NAME)";
				SWIFT_VERSION = 5.0;
				TARGETED_DEVICE_FAMILY = "1,2";
			};
			name = Debug;
		};
		4410EE86249EE59200629BF9 /* Release */ = {
			isa = XCBuildConfiguration;
			buildSettings = {
				ASSETCATALOG_COMPILER_APPICON_NAME = AppIcon;
				CODE_SIGN_STYLE = Automatic;
				DEVELOPMENT_TEAM = A6LEV3WJH3;
				INFOPLIST_FILE = LastFmDemo/Info.plist;
				LD_RUNPATH_SEARCH_PATHS = (
					"$(inherited)",
					"@executable_path/Frameworks",
				);
				PRODUCT_BUNDLE_IDENTIFIER = com.surendra.LastFmDemo;
				PRODUCT_NAME = "$(TARGET_NAME)";
				SWIFT_VERSION = 5.0;
				TARGETED_DEVICE_FAMILY = "1,2";
			};
			name = Release;
		};
		4410EE88249EE59200629BF9 /* Debug */ = {
			isa = XCBuildConfiguration;
			buildSettings = {
				ALWAYS_EMBED_SWIFT_STANDARD_LIBRARIES = YES;
				BUNDLE_LOADER = "$(TEST_HOST)";
				CODE_SIGN_STYLE = Automatic;
				DEVELOPMENT_TEAM = A6LEV3WJH3;
				INFOPLIST_FILE = LastFmDemoTests/Info.plist;
				IPHONEOS_DEPLOYMENT_TARGET = 13.5;
				LD_RUNPATH_SEARCH_PATHS = (
					"$(inherited)",
					"@executable_path/Frameworks",
					"@loader_path/Frameworks",
				);
				PRODUCT_BUNDLE_IDENTIFIER = com.surendra.LastFmDemoTests;
				PRODUCT_NAME = "$(TARGET_NAME)";
				SWIFT_VERSION = 5.0;
				TARGETED_DEVICE_FAMILY = "1,2";
				TEST_HOST = "$(BUILT_PRODUCTS_DIR)/LastFmDemo.app/LastFmDemo";
			};
			name = Debug;
		};
		4410EE89249EE59200629BF9 /* Release */ = {
			isa = XCBuildConfiguration;
			buildSettings = {
				ALWAYS_EMBED_SWIFT_STANDARD_LIBRARIES = YES;
				BUNDLE_LOADER = "$(TEST_HOST)";
				CODE_SIGN_STYLE = Automatic;
				DEVELOPMENT_TEAM = A6LEV3WJH3;
				INFOPLIST_FILE = LastFmDemoTests/Info.plist;
				IPHONEOS_DEPLOYMENT_TARGET = 13.5;
				LD_RUNPATH_SEARCH_PATHS = (
					"$(inherited)",
					"@executable_path/Frameworks",
					"@loader_path/Frameworks",
				);
				PRODUCT_BUNDLE_IDENTIFIER = com.surendra.LastFmDemoTests;
				PRODUCT_NAME = "$(TARGET_NAME)";
				SWIFT_VERSION = 5.0;
				TARGETED_DEVICE_FAMILY = "1,2";
				TEST_HOST = "$(BUILT_PRODUCTS_DIR)/LastFmDemo.app/LastFmDemo";
			};
			name = Release;
		};
/* End XCBuildConfiguration section */

/* Begin XCConfigurationList section */
		4410EE60249EE58F00629BF9 /* Build configuration list for PBXProject "LastFmDemo" */ = {
			isa = XCConfigurationList;
			buildConfigurations = (
				4410EE82249EE59200629BF9 /* Debug */,
				4410EE83249EE59200629BF9 /* Release */,
			);
			defaultConfigurationIsVisible = 0;
			defaultConfigurationName = Release;
		};
		4410EE84249EE59200629BF9 /* Build configuration list for PBXNativeTarget "LastFmDemo" */ = {
			isa = XCConfigurationList;
			buildConfigurations = (
				4410EE85249EE59200629BF9 /* Debug */,
				4410EE86249EE59200629BF9 /* Release */,
			);
			defaultConfigurationIsVisible = 0;
			defaultConfigurationName = Release;
		};
		4410EE87249EE59200629BF9 /* Build configuration list for PBXNativeTarget "LastFmDemoTests" */ = {
			isa = XCConfigurationList;
			buildConfigurations = (
				4410EE88249EE59200629BF9 /* Debug */,
				4410EE89249EE59200629BF9 /* Release */,
			);
			defaultConfigurationIsVisible = 0;
			defaultConfigurationName = Release;
		};
/* End XCConfigurationList section */
	};
	rootObject = 4410EE5D249EE58F00629BF9 /* Project object */;
}
